{
  "version": 4,
  "terraform_version": "1.7.5",
  "serial": 19,
  "lineage": "42c704fd-a8c7-382e-2fe4-31946315f11f",
  "outputs": {
    "I_am_Don": {
      "value": "Vibhu_Sharma",
      "type": "string"
    },
    "aws_ec2_instances": {
      "value": {
        "ami": "Ubuntu ami-080e1f13689e07408",
        "instance": 4,
        "keys": [
          "key1.pem",
          "key2.pem"
        ],
        "name": "test_ec2_instance"
      },
      "type": [
        "object",
        {
          "ami": "string",
          "instance": "number",
          "keys": [
            "list",
            "string"
          ],
          "name": "string"
        }
      ]
    },
    "tf_batch_students": {
      "value": "50",
      "type": "string"
    }
  },
  "resources": [
    {
      "mode": "managed",
      "type": "local_file",
      "name": "devops",
      "provider": "provider[\"registry.terraform.io/hashicorp/local\"]",
      "instances": [
        {
          "schema_version": 0,
          "attributes": {
            "content": "This is cool",
            "content_base64": null,
            "content_base64sha256": "XP9YDHZ5tDxkUZIVMpd6Yg8QttvAsoUJoaVbuIH+4u0=",
            "content_base64sha512": "b5GtG60kw3VrNvqqxUz3AIXDje3evrdtkE6F5UMd0T+FFpkoirg0udu08iVOZuP6fCk8sLXsaan6jR9QydD27A==",
            "content_md5": "9e4d652d0f029ed363bbaa9c08a2952b",
            "content_sha1": "ee7e21ae5406bc59f8e1ad5f15f95a535824c457",
            "content_sha256": "5cff580c7679b43c6451921532977a620f10b6dbc0b28509a1a55bb881fee2ed",
            "content_sha512": "6f91ad1bad24c3756b36faaac54cf70085c38deddebeb76d904e85e5431dd13f851699288ab834b9dbb4f2254e66e3fa7c293cb0b5ec69a9fa8d1f50c9d0f6ec",
            "directory_permission": "0777",
            "file_permission": "0777",
            "filename": "/home/ubuntu/terraform/terraform-variables/devops_test.txt",
            "id": "ee7e21ae5406bc59f8e1ad5f15f95a535824c457",
            "sensitive_content": null,
            "source": null
          },
          "sensitive_attributes": []
        }
      ]
    },
    {
      "mode": "managed",
      "type": "local_file",
      "name": "devops2",
      "provider": "provider[\"registry.terraform.io/hashicorp/local\"]",
      "instances": [
        {
          "schema_version": 0,
          "attributes": {
            "content": "This is cool",
            "content_base64": null,
            "content_base64sha256": "XP9YDHZ5tDxkUZIVMpd6Yg8QttvAsoUJoaVbuIH+4u0=",
            "content_base64sha512": "b5GtG60kw3VrNvqqxUz3AIXDje3evrdtkE6F5UMd0T+FFpkoirg0udu08iVOZuP6fCk8sLXsaan6jR9QydD27A==",
            "content_md5": "9e4d652d0f029ed363bbaa9c08a2952b",
            "content_sha1": "ee7e21ae5406bc59f8e1ad5f15f95a535824c457",
            "content_sha256": "5cff580c7679b43c6451921532977a620f10b6dbc0b28509a1a55bb881fee2ed",
            "content_sha512": "6f91ad1bad24c3756b36faaac54cf70085c38deddebeb76d904e85e5431dd13f851699288ab834b9dbb4f2254e66e3fa7c293cb0b5ec69a9fa8d1f50c9d0f6ec",
            "directory_permission": "0777",
            "file_permission": "0777",
            "filename": "/home/ubuntu/terraform/terraform-variables/file_1.txt",
            "id": "ee7e21ae5406bc59f8e1ad5f15f95a535824c457",
            "sensitive_content": null,
            "source": null
          },
          "sensitive_attributes": []
        }
      ]
    },
    {
      "mode": "managed",
      "type": "local_file",
      "name": "resource-var",
      "provider": "provider[\"registry.terraform.io/hashicorp/local\"]",
      "instances": [
        {
          "schema_version": 0,
          "attributes": {
            "content": "This is even cooler",
            "content_base64": null,
            "content_base64sha256": "bAxROmXk7kq/8iAHxIVxjgqOVOSR5xQ9wEZT/TxzW1g=",
            "content_base64sha512": "TKN8f2twSl9CJXBnJjTTXiXQNcGMolBgTDYcIM+KGCqR55xxk9YdcFQJE4E3ODlCBpLlQJzXkaBGxPe0SEhcfA==",
            "content_md5": "7fd909fd81fc0c833895e9ce058aab24",
            "content_sha1": "24be1a9f287bfe7189d21251779adfd7c4310b47",
            "content_sha256": "6c0c513a65e4ee4abff22007c485718e0a8e54e491e7143dc04653fd3c735b58",
            "content_sha512": "4ca37c7f6b704a5f422570672634d35e25d035c18ca250604c361c20cf8a182a91e79c7193d61d7054091381373839420692e5409cd791a046c4f7b448485c7c",
            "directory_permission": "0777",
            "file_permission": "0777",
            "filename": "/home/ubuntu/terraform/terraform-variables/devops-automated.txt",
            "id": "24be1a9f287bfe7189d21251779adfd7c4310b47",
            "sensitive_content": null,
            "source": null
          },
          "sensitive_attributes": []
        }
      ]
    },
    {
      "mode": "managed",
      "type": "local_file",
      "name": "resource-var2",
      "provider": "provider[\"registry.terraform.io/hashicorp/local\"]",
      "instances": [
        {
          "schema_version": 0,
          "attributes": {
            "content": "This is even cooler",
            "content_base64": null,
            "content_base64sha256": "bAxROmXk7kq/8iAHxIVxjgqOVOSR5xQ9wEZT/TxzW1g=",
            "content_base64sha512": "TKN8f2twSl9CJXBnJjTTXiXQNcGMolBgTDYcIM+KGCqR55xxk9YdcFQJE4E3ODlCBpLlQJzXkaBGxPe0SEhcfA==",
            "content_md5": "7fd909fd81fc0c833895e9ce058aab24",
            "content_sha1": "24be1a9f287bfe7189d21251779adfd7c4310b47",
            "content_sha256": "6c0c513a65e4ee4abff22007c485718e0a8e54e491e7143dc04653fd3c735b58",
            "content_sha512": "4ca37c7f6b704a5f422570672634d35e25d035c18ca250604c361c20cf8a182a91e79c7193d61d7054091381373839420692e5409cd791a046c4f7b448485c7c",
            "directory_permission": "0777",
            "file_permission": "0777",
            "filename": "/home/ubuntu/terraform/terraform-variables/file_2.txt",
            "id": "24be1a9f287bfe7189d21251779adfd7c4310b47",
            "sensitive_content": null,
            "source": null
          },
          "sensitive_attributes": []
        }
      ]
    }
  ],
  "check_results": null
}
